
Microsoft Visual Studio Solution File, Format Version 12.00
# Visual Studio Version 17
VisualStudioVersion = 17.5.33627.172
MinimumVisualStudioVersion = 10.0.40219.1
Project("{FAE04EC0-301F-11D3-BF4B-00C04F79EFBC}") = "Proje_Hastane", "Proje_Hastane\Proje_Hastane.csproj", "{0E5C8999-12B7-439D-885C-A806D496FC65}"
EndProject
Global
	GlobalSection(SolutionConfigurationPlatforms) = preSolution
		Debug|Any CPU = Debug|Any CPU
		Release|Any CPU = Release|Any CPU
	EndGlobalSection
	GlobalSection(ProjectConfigurationPlatforms) = postSolution
		{0E5C8999-12B7-439D-885C-A806D496FC65}.Debug|Any CPU.ActiveCfg = Debug|Any CPU
		{0E5C8999-12B7-439D-885C-A806D496FC65}.Debug|Any CPU.Build.0 = Debug|Any CPU
		{0E5C8999-12B7-439D-885C-A806D496FC65}.Release|Any CPU.ActiveCfg = Release|Any CPU
		{0E5C8999-12B7-439D-885C-A806D496FC65}.Release|Any CPU.Build.0 = Release|Any CPU
	EndGlobalSection
	GlobalSection(SolutionProperties) = preSolution
		HideSolutionNode = FALSE
	EndGlobalSection
	GlobalSection(ExtensibilityGlobals) = postSolution
		SolutionGuid = {12CA3B37-118D-4F16-B481-982B3E00BAFC}
	EndGlobalSection
EndGlobal
